
Microsoft Visual Studio Solution File, Format Version 12.00
# Visual Studio Version 17
VisualStudioVersion = 17.3.32929.385
MinimumVisualStudioVersion = 10.0.40219.1
Project("{9A19103F-16F7-4668-BE54-9A1E7A4F7556}") = "Restarter", "Restarter.csproj", "{BEE3D0BC-D3C4-4200-A9CD-8ACC65C9A271}"
EndProject
Global
	GlobalSection(SolutionConfigurationPlatforms) = preSolution
		Debug|Any CPU = Debug|Any CPU
		Release|Any CPU = Release|Any CPU
	EndGlobalSection
	GlobalSection(ProjectConfigurationPlatforms) = postSolution
		{BEE3D0BC-D3C4-4200-A9CD-8ACC65C9A271}.Debug|Any CPU.ActiveCfg = Debug|Any CPU
		{BEE3D0BC-D3C4-4200-A9CD-8ACC65C9A271}.Debug|Any CPU.Build.0 = Debug|Any CPU
		{BEE3D0BC-D3C4-4200-A9CD-8ACC65C9A271}.Release|Any CPU.ActiveCfg = Release|Any CPU
		{BEE3D0BC-D3C4-4200-A9CD-8ACC65C9A271}.Release|Any CPU.Build.0 = Release|Any CPU
	EndGlobalSection
	GlobalSection(SolutionProperties) = preSolution
		HideSolutionNode = FALSE
	EndGlobalSection
	GlobalSection(ExtensibilityGlobals) = postSolution
		SolutionGuid = {17F8D3CF-EF3A-45CC-B7B6-7B403D14C447}
	EndGlobalSection
EndGlobal
